
Microsoft Visual Studio Solution File, Format Version 12.00
# Visual Studio Version 16
VisualStudioVersion = 16.0.29728.190
MinimumVisualStudioVersion = 10.0.40219.1
Project("{FAE04EC0-301F-11D3-BF4B-00C04F79EFBC}") = "RFID", "RFID.csproj", "{397DFCDE-810A-4E32-B23B-4465D24A4DEC}"
EndProject
Global
	GlobalSection(SolutionConfigurationPlatforms) = preSolution
		Debug|Any CPU = Debug|Any CPU
		Debug|x64 = Debug|x64
		Release|Any CPU = Release|Any CPU
		Release|x64 = Release|x64
	EndGlobalSection
	GlobalSection(ProjectConfigurationPlatforms) = postSolution
		{397DFCDE-810A-4E32-B23B-4465D24A4DEC}.Debug|Any CPU.ActiveCfg = Debug|Any CPU
		{397DFCDE-810A-4E32-B23B-4465D24A4DEC}.Debug|Any CPU.Build.0 = Debug|Any CPU
		{397DFCDE-810A-4E32-B23B-4465D24A4DEC}.Debug|x64.ActiveCfg = Debug|x64
		{397DFCDE-810A-4E32-B23B-4465D24A4DEC}.Debug|x64.Build.0 = Debug|x64
		{397DFCDE-810A-4E32-B23B-4465D24A4DEC}.Release|Any CPU.ActiveCfg = Release|Any CPU
		{397DFCDE-810A-4E32-B23B-4465D24A4DEC}.Release|Any CPU.Build.0 = Release|Any CPU
		{397DFCDE-810A-4E32-B23B-4465D24A4DEC}.Release|x64.ActiveCfg = Release|x64
		{397DFCDE-810A-4E32-B23B-4465D24A4DEC}.Release|x64.Build.0 = Release|x64
	EndGlobalSection
	GlobalSection(SolutionProperties) = preSolution
		HideSolutionNode = FALSE
	EndGlobalSection
	GlobalSection(ExtensibilityGlobals) = postSolution
		SolutionGuid = {12272CB1-298F-4A34-A8BE-CFDCE3B604E6}
	EndGlobalSection
EndGlobal
